
Microsoft Visual Studio Solution File, Format Version 12.00
# Visual Studio 15
VisualStudioVersion = 15.0.27130.2026
MinimumVisualStudioVersion = 10.0.40219.1
Project("{E24C65DC-7377-472B-9ABA-BC803B73C61A}") = "UdemyJSConditional", "UdemyJSConditional\", "{13273F18-25AF-4F33-9611-EB8356EAA1FB}"
	ProjectSection(WebsiteProperties) = preProject
		TargetFrameworkMoniker = ".NETFramework,Version%3Dv4.6.1"
		Debug.AspNetCompiler.VirtualPath = "/localhost_64778"
		Debug.AspNetCompiler.PhysicalPath = "UdemyJSConditional\"
		Debug.AspNetCompiler.TargetPath = "PrecompiledWeb\localhost_64778\"
		Debug.AspNetCompiler.Updateable = "true"
		Debug.AspNetCompiler.ForceOverwrite = "true"
		Debug.AspNetCompiler.FixedNames = "false"
		Debug.AspNetCompiler.Debug = "True"
		Release.AspNetCompiler.VirtualPath = "/localhost_64778"
		Release.AspNetCompiler.PhysicalPath = "UdemyJSConditional\"
		Release.AspNetCompiler.TargetPath = "PrecompiledWeb\localhost_64778\"
		Release.AspNetCompiler.Updateable = "true"
		Release.AspNetCompiler.ForceOverwrite = "true"
		Release.AspNetCompiler.FixedNames = "false"
		Release.AspNetCompiler.Debug = "False"
		VWDPort = "64778"
		SlnRelativePath = "UdemyJSConditional\"
		DefaultWebSiteLanguage = "Visual C#"
	EndProjectSection
EndProject
Global
	GlobalSection(SolutionConfigurationPlatforms) = preSolution
		Debug|Any CPU = Debug|Any CPU
	EndGlobalSection
	GlobalSection(ProjectConfigurationPlatforms) = postSolution
		{13273F18-25AF-4F33-9611-EB8356EAA1FB}.Debug|Any CPU.ActiveCfg = Debug|Any CPU
		{13273F18-25AF-4F33-9611-EB8356EAA1FB}.Debug|Any CPU.Build.0 = Debug|Any CPU
	EndGlobalSection
	GlobalSection(SolutionProperties) = preSolution
		HideSolutionNode = FALSE
	EndGlobalSection
	GlobalSection(ExtensibilityGlobals) = postSolution
		SolutionGuid = {BF1BA9BA-09A6-4F84-AC8F-138CA989C8B8}
	EndGlobalSection
EndGlobal
